// !$*UTF8*$!
{
	archiveVersion = 1;
	classes = {
	};
	objectVersion = 55;
	objects = {

/* Begin PBXBuildFile section */
		9547FFAB27C8D31300978E19 /* ContentNavigationView.swift in Sources */ = {isa = PBXBuildFile; fileRef = 9547FFAA27C8D31300978E19 /* ContentNavigationView.swift */; };
		9562CC8B27BFCE4800ACB68D /* Assets.xcassets in Resources */ = {isa = PBXBuildFile; fileRef = 9562CC8A27BFCE4800ACB68D /* Assets.xcassets */; };
		9562CC8E27BFCE4800ACB68D /* Preview Assets.xcassets in Resources */ = {isa = PBXBuildFile; fileRef = 9562CC8D27BFCE4800ACB68D /* Preview Assets.xcassets */; };
		9562CCC527BFCFB000ACB68D /* AgeOfEmpiresViewModel.swift in Sources */ = {isa = PBXBuildFile; fileRef = 9562CCB427BFCFB000ACB68D /* AgeOfEmpiresViewModel.swift */; };
		9562CCC627BFCFB000ACB68D /* Civilization.swift in Sources */ = {isa = PBXBuildFile; fileRef = 9562CCB627BFCFB000ACB68D /* Civilization.swift */; };
		9562CCC727BFCFB000ACB68D /* ContentView.swift in Sources */ = {isa = PBXBuildFile; fileRef = 9562CCB827BFCFB000ACB68D /* ContentView.swift */; };
		9562CCC827BFCFB000ACB68D /* SwiftUINetworking.swift in Sources */ = {isa = PBXBuildFile; fileRef = 9562CCB927BFCFB000ACB68D /* SwiftUINetworking.swift */; };
		9562CCC927BFCFB000ACB68D /* CivizilationResponse.swift in Sources */ = {isa = PBXBuildFile; fileRef = 9562CCBC27BFCFB000ACB68D /* CivizilationResponse.swift */; };
		9562CCCA27BFCFB000ACB68D /* CivilizationRequest.swift in Sources */ = {isa = PBXBuildFile; fileRef = 9562CCBD27BFCFB000ACB68D /* CivilizationRequest.swift */; };
		9562CCCB27BFCFB000ACB68D /* SinkResult.swift in Sources */ = {isa = PBXBuildFile; fileRef = 9562CCBF27BFCFB000ACB68D /* SinkResult.swift */; };
		9562CCCC27BFCFB000ACB68D /* HTTPURLResponse+Extension.swift in Sources */ = {isa = PBXBuildFile; fileRef = 9562CCC127BFCFB000ACB68D /* HTTPURLResponse+Extension.swift */; };
		9562CCCD27BFCFB000ACB68D /* Response.swift in Sources */ = {isa = PBXBuildFile; fileRef = 9562CCC227BFCFB000ACB68D /* Response.swift */; };
		9562CCCE27BFCFB000ACB68D /* Request.swift in Sources */ = {isa = PBXBuildFile; fileRef = 9562CCC327BFCFB000ACB68D /* Request.swift */; };
		9562CCCF27BFCFB000ACB68D /* NetworkLoader.swift in Sources */ = {isa = PBXBuildFile; fileRef = 9562CCC427BFCFB000ACB68D /* NetworkLoader.swift */; };
		9562CCD127BFDD7100ACB68D /* CivilizationListView.swift in Sources */ = {isa = PBXBuildFile; fileRef = 9562CCD027BFDD7100ACB68D /* CivilizationListView.swift */; };
		9590A7EA27C793BB00301B05 /* CivilizationDetailView.swift in Sources */ = {isa = PBXBuildFile; fileRef = 9590A7E927C793BB00301B05 /* CivilizationDetailView.swift */; };
/* End PBXBuildFile section */

/* Begin PBXFileReference section */
		9547FFAA27C8D31300978E19 /* ContentNavigationView.swift */ = {isa = PBXFileReference; lastKnownFileType = sourcecode.swift; path = ContentNavigationView.swift; sourceTree = "<group>"; };
		9562CC8327BFCE4500ACB68D /* SwiftUINetworking.app */ = {isa = PBXFileReference; explicitFileType = wrapper.application; includeInIndex = 0; path = SwiftUINetworking.app; sourceTree = BUILT_PRODUCTS_DIR; };
		9562CC8A27BFCE4800ACB68D /* Assets.xcassets */ = {isa = PBXFileReference; lastKnownFileType = folder.assetcatalog; path = Assets.xcassets; sourceTree = "<group>"; };
		9562CC8D27BFCE4800ACB68D /* Preview Assets.xcassets */ = {isa = PBXFileReference; lastKnownFileType = folder.assetcatalog; path = "Preview Assets.xcassets"; sourceTree = "<group>"; };
		9562CCB427BFCFB000ACB68D /* AgeOfEmpiresViewModel.swift */ = {isa = PBXFileReference; fileEncoding = 4; lastKnownFileType = sourcecode.swift; path = AgeOfEmpiresViewModel.swift; sourceTree = "<group>"; };
		9562CCB627BFCFB000ACB68D /* Civilization.swift */ = {isa = PBXFileReference; fileEncoding = 4; lastKnownFileType = sourcecode.swift; path = Civilization.swift; sourceTree = "<group>"; };
		9562CCB827BFCFB000ACB68D /* ContentView.swift */ = {isa = PBXFileReference; fileEncoding = 4; lastKnownFileType = sourcecode.swift; path = ContentView.swift; sourceTree = "<group>"; };
		9562CCB927BFCFB000ACB68D /* SwiftUINetworking.swift */ = {isa = PBXFileReference; fileEncoding = 4; lastKnownFileType = sourcecode.swift; path = SwiftUINetworking.swift; sourceTree = "<group>"; };
		9562CCBC27BFCFB000ACB68D /* CivizilationResponse.swift */ = {isa = PBXFileReference; fileEncoding = 4; lastKnownFileType = sourcecode.swift; path = CivizilationResponse.swift; sourceTree = "<group>"; };
		9562CCBD27BFCFB000ACB68D /* CivilizationRequest.swift */ = {isa = PBXFileReference; fileEncoding = 4; lastKnownFileType = sourcecode.swift; path = CivilizationRequest.swift; sourceTree = "<group>"; };
		9562CCBF27BFCFB000ACB68D /* SinkResult.swift */ = {isa = PBXFileReference; fileEncoding = 4; lastKnownFileType = sourcecode.swift; path = SinkResult.swift; sourceTree = "<group>"; };
		9562CCC127BFCFB000ACB68D /* HTTPURLResponse+Extension.swift */ = {isa = PBXFileReference; fileEncoding = 4; lastKnownFileType = sourcecode.swift; path = "HTTPURLResponse+Extension.swift"; sourceTree = "<group>"; };
		9562CCC227BFCFB000ACB68D /* Response.swift */ = {isa = PBXFileReference; fileEncoding = 4; lastKnownFileType = sourcecode.swift; path = Response.swift; sourceTree = "<group>"; };
		9562CCC327BFCFB000ACB68D /* Request.swift */ = {isa = PBXFileReference; fileEncoding = 4; lastKnownFileType = sourcecode.swift; path = Request.swift; sourceTree = "<group>"; };
		9562CCC427BFCFB000ACB68D /* NetworkLoader.swift */ = {isa = PBXFileReference; fileEncoding = 4; lastKnownFileType = sourcecode.swift; path = NetworkLoader.swift; sourceTree = "<group>"; };
		9562CCD027BFDD7100ACB68D /* CivilizationListView.swift */ = {isa = PBXFileReference; lastKnownFileType = sourcecode.swift; path = CivilizationListView.swift; sourceTree = "<group>"; };
		9590A7E927C793BB00301B05 /* CivilizationDetailView.swift */ = {isa = PBXFileReference; lastKnownFileType = sourcecode.swift; path = CivilizationDetailView.swift; sourceTree = "<group>"; };
/* End PBXFileReference section */

/* Begin PBXFrameworksBuildPhase section */
		9562CC8027BFCE4500ACB68D /* Frameworks */ = {
			isa = PBXFrameworksBuildPhase;
			buildActionMask = 2147483647;
			files = (
			);
			runOnlyForDeploymentPostprocessing = 0;
		};
/* End PBXFrameworksBuildPhase section */

/* Begin PBXGroup section */
		9562CC7A27BFCE4500ACB68D = {
			isa = PBXGroup;
			children = (
				9562CC8527BFCE4500ACB68D /* SwiftUINetworking */,
				9562CC8427BFCE4500ACB68D /* Products */,
			);
			sourceTree = "<group>";
		};
		9562CC8427BFCE4500ACB68D /* Products */ = {
			isa = PBXGroup;
			children = (
				9562CC8327BFCE4500ACB68D /* SwiftUINetworking.app */,
			);
			name = Products;
			sourceTree = "<group>";
		};
		9562CC8527BFCE4500ACB68D /* SwiftUINetworking */ = {
			isa = PBXGroup;
			children = (
				9562CCB227BFCFB000ACB68D /* Modules */,
				9562CCBA27BFCFB000ACB68D /* Networking */,
				9562CC8A27BFCE4800ACB68D /* Assets.xcassets */,
				9562CC8C27BFCE4800ACB68D /* Preview Content */,
			);
			path = SwiftUINetworking;
			sourceTree = "<group>";
		};
		9562CC8C27BFCE4800ACB68D /* Preview Content */ = {
			isa = PBXGroup;
			children = (
				9562CC8D27BFCE4800ACB68D /* Preview Assets.xcassets */,
			);
			path = "Preview Content";
			sourceTree = "<group>";
		};
		9562CCB227BFCFB000ACB68D /* Modules */ = {
			isa = PBXGroup;
			children = (
				9562CCB327BFCFB000ACB68D /* ViewModel */,
				9562CCB527BFCFB000ACB68D /* Model */,
				9562CCB727BFCFB000ACB68D /* View */,
			);
			path = Modules;
			sourceTree = "<group>";
		};
		9562CCB327BFCFB000ACB68D /* ViewModel */ = {
			isa = PBXGroup;
			children = (
				9562CCB427BFCFB000ACB68D /* AgeOfEmpiresViewModel.swift */,
			);
			path = ViewModel;
			sourceTree = "<group>";
		};
		9562CCB527BFCFB000ACB68D /* Model */ = {
			isa = PBXGroup;
			children = (
				9562CCB627BFCFB000ACB68D /* Civilization.swift */,
			);
			path = Model;
			sourceTree = "<group>";
		};
		9562CCB727BFCFB000ACB68D /* View */ = {
			isa = PBXGroup;
			children = (
				9562CCB927BFCFB000ACB68D /* SwiftUINetworking.swift */,
				9590A7E627C7915A00301B05 /* Civilization */,
				9590A7E827C793AE00301B05 /* Detail */,
				9547FFAA27C8D31300978E19 /* ContentNavigationView.swift */,
			);
			path = View;
			sourceTree = "<group>";
		};
		9562CCBA27BFCFB000ACB68D /* Networking */ = {
			isa = PBXGroup;
			children = (
				9562CCBB27BFCFB000ACB68D /* Civizilation */,
				9562CCBE27BFCFB000ACB68D /* Base */,
			);
			path = Networking;
			sourceTree = "<group>";
		};
		9562CCBB27BFCFB000ACB68D /* Civizilation */ = {
			isa = PBXGroup;
			children = (
				9562CCBC27BFCFB000ACB68D /* CivizilationResponse.swift */,
				9562CCBD27BFCFB000ACB68D /* CivilizationRequest.swift */,
			);
			path = Civizilation;
			sourceTree = "<group>";
		};
		9562CCBE27BFCFB000ACB68D /* Base */ = {
			isa = PBXGroup;
			children = (
				9562CCBF27BFCFB000ACB68D /* SinkResult.swift */,
				9562CCC027BFCFB000ACB68D /* Extensions */,
				9562CCC227BFCFB000ACB68D /* Response.swift */,
				9562CCC327BFCFB000ACB68D /* Request.swift */,
				9562CCC427BFCFB000ACB68D /* NetworkLoader.swift */,
			);
			path = Base;
			sourceTree = "<group>";
		};
		9562CCC027BFCFB000ACB68D /* Extensions */ = {
			isa = PBXGroup;
			children = (
				9562CCC127BFCFB000ACB68D /* HTTPURLResponse+Extension.swift */,
			);
			path = Extensions;
			sourceTree = "<group>";
		};
		9590A7E627C7915A00301B05 /* Civilization */ = {
			isa = PBXGroup;
			children = (
				9562CCB827BFCFB000ACB68D /* ContentView.swift */,
				9562CCD027BFDD7100ACB68D /* CivilizationListView.swift */,
			);
			path = Civilization;
			sourceTree = "<group>";
		};
		9590A7E827C793AE00301B05 /* Detail */ = {
			isa = PBXGroup;
			children = (
				9590A7E927C793BB00301B05 /* CivilizationDetailView.swift */,
			);
			path = Detail;
			sourceTree = "<group>";
		};
/* End PBXGroup section */

/* Begin PBXNativeTarget section */
		9562CC8227BFCE4500ACB68D /* SwiftUINetworking */ = {
			isa = PBXNativeTarget;
			buildConfigurationList = 9562CC9127BFCE4800ACB68D /* Build configuration list for PBXNativeTarget "SwiftUINetworking" */;
			buildPhases = (
				9562CC7F27BFCE4500ACB68D /* Sources */,
				9562CC8027BFCE4500ACB68D /* Frameworks */,
				9562CC8127BFCE4500ACB68D /* Resources */,
			);
			buildRules = (
			);
			dependencies = (
			);
			name = SwiftUINetworking;
			productName = SwiftUINetworking;
			productReference = 9562CC8327BFCE4500ACB68D /* SwiftUINetworking.app */;
			productType = "com.apple.product-type.application";
		};
/* End PBXNativeTarget section */

/* Begin PBXProject section */
		9562CC7B27BFCE4500ACB68D /* Project object */ = {
			isa = PBXProject;
			attributes = {
				BuildIndependentTargetsInParallel = 1;
				LastSwiftUpdateCheck = 1300;
				LastUpgradeCheck = 1300;
				TargetAttributes = {
					9562CC8227BFCE4500ACB68D = {
						CreatedOnToolsVersion = 13.0;
					};
				};
			};
			buildConfigurationList = 9562CC7E27BFCE4500ACB68D /* Build configuration list for PBXProject "SwiftUINetworking" */;
			compatibilityVersion = "Xcode 13.0";
			developmentRegion = en;
			hasScannedForEncodings = 0;
			knownRegions = (
				en,
				Base,
			);
			mainGroup = 9562CC7A27BFCE4500ACB68D;
			productRefGroup = 9562CC8427BFCE4500ACB68D /* Products */;
			projectDirPath = "";
			projectRoot = "";
			targets = (
				9562CC8227BFCE4500ACB68D /* SwiftUINetworking */,
			);
		};
/* End PBXProject section */

/* Begin PBXResourcesBuildPhase section */
		9562CC8127BFCE4500ACB68D /* Resources */ = {
			isa = PBXResourcesBuildPhase;
			buildActionMask = 2147483647;
			files = (
				9562CC8E27BFCE4800ACB68D /* Preview Assets.xcassets in Resources */,
				9562CC8B27BFCE4800ACB68D /* Assets.xcassets in Resources */,
			);
			runOnlyForDeploymentPostprocessing = 0;
		};
/* End PBXResourcesBuildPhase section */

/* Begin PBXSourcesBuildPhase section */
		9562CC7F27BFCE4500ACB68D /* Sources */ = {
			isa = PBXSourcesBuildPhase;
			buildActionMask = 2147483647;
			files = (
				9562CCC827BFCFB000ACB68D /* SwiftUINetworking.swift in Sources */,
				9562CCC627BFCFB000ACB68D /* Civilization.swift in Sources */,
				9562CCCA27BFCFB000ACB68D /* CivilizationRequest.swift in Sources */,
				9590A7EA27C793BB00301B05 /* CivilizationDetailView.swift in Sources */,
				9562CCCB27BFCFB000ACB68D /* SinkResult.swift in Sources */,
				9562CCCD27BFCFB000ACB68D /* Response.swift in Sources */,
				9547FFAB27C8D31300978E19 /* ContentNavigationView.swift in Sources */,
				9562CCD127BFDD7100ACB68D /* CivilizationListView.swift in Sources */,
				9562CCCC27BFCFB000ACB68D /* HTTPURLResponse+Extension.swift in Sources */,
				9562CCC527BFCFB000ACB68D /* AgeOfEmpiresViewModel.swift in Sources */,
				9562CCCE27BFCFB000ACB68D /* Request.swift in Sources */,
				9562CCC927BFCFB000ACB68D /* CivizilationResponse.swift in Sources */,
				9562CCCF27BFCFB000ACB68D /* NetworkLoader.swift in Sources */,
				9562CCC727BFCFB000ACB68D /* ContentView.swift in Sources */,
			);
			runOnlyForDeploymentPostprocessing = 0;
		};
/* End PBXSourcesBuildPhase section */

/* Begin XCBuildConfiguration section */
		9562CC8F27BFCE4800ACB68D /* Debug */ = {
			isa = XCBuildConfiguration;
			buildSettings = {
				ALWAYS_SEARCH_USER_PATHS = NO;
				CLANG_ANALYZER_NONNULL = YES;
				CLANG_ANALYZER_NUMBER_OBJECT_CONVERSION = YES_AGGRESSIVE;
				CLANG_CXX_LANGUAGE_STANDARD = "gnu++17";
				CLANG_CXX_LIBRARY = "libc++";
				CLANG_ENABLE_MODULES = YES;
				CLANG_ENABLE_OBJC_ARC = YES;
				CLANG_ENABLE_OBJC_WEAK = YES;
				CLANG_WARN_BLOCK_CAPTURE_AUTORELEASING = YES;
				CLANG_WARN_BOOL_CONVERSION = YES;
				CLANG_WARN_COMMA = YES;
				CLANG_WARN_CONSTANT_CONVERSION = YES;
				CLANG_WARN_DEPRECATED_OBJC_IMPLEMENTATIONS = YES;
				CLANG_WARN_DIRECT_OBJC_ISA_USAGE = YES_ERROR;
				CLANG_WARN_DOCUMENTATION_COMMENTS = YES;
				CLANG_WARN_EMPTY_BODY = YES;
				CLANG_WARN_ENUM_CONVERSION = YES;
				CLANG_WARN_INFINITE_RECURSION = YES;
				CLANG_WARN_INT_CONVERSION = YES;
				CLANG_WARN_NON_LITERAL_NULL_CONVERSION = YES;
				CLANG_WARN_OBJC_IMPLICIT_RETAIN_SELF = YES;
				CLANG_WARN_OBJC_LITERAL_CONVERSION = YES;
				CLANG_WARN_OBJC_ROOT_CLASS = YES_ERROR;
				CLANG_WARN_QUOTED_INCLUDE_IN_FRAMEWORK_HEADER = YES;
				CLANG_WARN_RANGE_LOOP_ANALYSIS = YES;
				CLANG_WARN_STRICT_PROTOTYPES = YES;
				CLANG_WARN_SUSPICIOUS_MOVE = YES;
				CLANG_WARN_UNGUARDED_AVAILABILITY = YES_AGGRESSIVE;
				CLANG_WARN_UNREACHABLE_CODE = YES;
				CLANG_WARN__DUPLICATE_METHOD_MATCH = YES;
				COPY_PHASE_STRIP = NO;
				DEBUG_INFORMATION_FORMAT = dwarf;
				ENABLE_STRICT_OBJC_MSGSEND = YES;
				ENABLE_TESTABILITY = YES;
				GCC_C_LANGUAGE_STANDARD = gnu11;
				GCC_DYNAMIC_NO_PIC = NO;
				GCC_NO_COMMON_BLOCKS = YES;
				GCC_OPTIMIZATION_LEVEL = 0;
				GCC_PREPROCESSOR_DEFINITIONS = (
					"DEBUG=1",
					"$(inherited)",
				);
				GCC_WARN_64_TO_32_BIT_CONVERSION = YES;
				GCC_WARN_ABOUT_RETURN_TYPE = YES_ERROR;
				GCC_WARN_UNDECLARED_SELECTOR = YES;
				GCC_WARN_UNINITIALIZED_AUTOS = YES_AGGRESSIVE;
				GCC_WARN_UNUSED_FUNCTION = YES;
				GCC_WARN_UNUSED_VARIABLE = YES;
				IPHONEOS_DEPLOYMENT_TARGET = 15.0;
				MTL_ENABLE_DEBUG_INFO = INCLUDE_SOURCE;
				MTL_FAST_MATH = YES;
				ONLY_ACTIVE_ARCH = YES;
				SDKROOT = iphoneos;
				SWIFT_ACTIVE_COMPILATION_CONDITIONS = DEBUG;
				SWIFT_OPTIMIZATION_LEVEL = "-Onone";
			};
			name = Debug;
		};
		9562CC9027BFCE4800ACB68D /* Release */ = {
			isa = XCBuildConfiguration;
			buildSettings = {
				ALWAYS_SEARCH_USER_PATHS = NO;
				CLANG_ANALYZER_NONNULL = YES;
				CLANG_ANALYZER_NUMBER_OBJECT_CONVERSION = YES_AGGRESSIVE;
				CLANG_CXX_LANGUAGE_STANDARD = "gnu++17";
				CLANG_CXX_LIBRARY = "libc++";
				CLANG_ENABLE_MODULES = YES;
				CLANG_ENABLE_OBJC_ARC = YES;
				CLANG_ENABLE_OBJC_WEAK = YES;
				CLANG_WARN_BLOCK_CAPTURE_AUTORELEASING = YES;
				CLANG_WARN_BOOL_CONVERSION = YES;
				CLANG_WARN_COMMA = YES;
				CLANG_WARN_CONSTANT_CONVERSION = YES;
				CLANG_WARN_DEPRECATED_OBJC_IMPLEMENTATIONS = YES;
				CLANG_WARN_DIRECT_OBJC_ISA_USAGE = YES_ERROR;
				CLANG_WARN_DOCUMENTATION_COMMENTS = YES;
				CLANG_WARN_EMPTY_BODY = YES;
				CLANG_WARN_ENUM_CONVERSION = YES;
				CLANG_WARN_INFINITE_RECURSION = YES;
				CLANG_WARN_INT_CONVERSION = YES;
				CLANG_WARN_NON_LITERAL_NULL_CONVERSION = YES;
				CLANG_WARN_OBJC_IMPLICIT_RETAIN_SELF = YES;
				CLANG_WARN_OBJC_LITERAL_CONVERSION = YES;
				CLANG_WARN_OBJC_ROOT_CLASS = YES_ERROR;
				CLANG_WARN_QUOTED_INCLUDE_IN_FRAMEWORK_HEADER = YES;
				CLANG_WARN_RANGE_LOOP_ANALYSIS = YES;
				CLANG_WARN_STRICT_PROTOTYPES = YES;
				CLANG_WARN_SUSPICIOUS_MOVE = YES;
				CLANG_WARN_UNGUARDED_AVAILABILITY = YES_AGGRESSIVE;
				CLANG_WARN_UNREACHABLE_CODE = YES;
				CLANG_WARN__DUPLICATE_METHOD_MATCH = YES;
				COPY_PHASE_STRIP = NO;
				DEBUG_INFORMATION_FORMAT = "dwarf-with-dsym";
				ENABLE_NS_ASSERTIONS = NO;
				ENABLE_STRICT_OBJC_MSGSEND = YES;
				GCC_C_LANGUAGE_STANDARD = gnu11;
				GCC_NO_COMMON_BLOCKS = YES;
				GCC_WARN_64_TO_32_BIT_CONVERSION = YES;
				GCC_WARN_ABOUT_RETURN_TYPE = YES_ERROR;
				GCC_WARN_UNDECLARED_SELECTOR = YES;
				GCC_WARN_UNINITIALIZED_AUTOS = YES_AGGRESSIVE;
				GCC_WARN_UNUSED_FUNCTION = YES;
				GCC_WARN_UNUSED_VARIABLE = YES;
				IPHONEOS_DEPLOYMENT_TARGET = 15.0;
				MTL_ENABLE_DEBUG_INFO = NO;
				MTL_FAST_MATH = YES;
				SDKROOT = iphoneos;
				SWIFT_COMPILATION_MODE = wholemodule;
				SWIFT_OPTIMIZATION_LEVEL = "-O";
				VALIDATE_PRODUCT = YES;
			};
			name = Release;
		};
		9562CC9227BFCE4800ACB68D /* Debug */ = {
			isa = XCBuildConfiguration;
			buildSettings = {
				ASSETCATALOG_COMPILER_APPICON_NAME = AppIcon;
				ASSETCATALOG_COMPILER_GLOBAL_ACCENT_COLOR_NAME = AccentColor;
				CODE_SIGN_STYLE = Automatic;
				CURRENT_PROJECT_VERSION = 1;
				DEVELOPMENT_ASSET_PATHS = "\"SwiftUINetworking/Preview Content\"";
				DEVELOPMENT_TEAM = 4Y47JHG2B7;
				ENABLE_PREVIEWS = YES;
				GENERATE_INFOPLIST_FILE = YES;
				INFOPLIST_KEY_UIApplicationSceneManifest_Generation = YES;
				INFOPLIST_KEY_UIApplicationSupportsIndirectInputEvents = YES;
				INFOPLIST_KEY_UILaunchScreen_Generation = YES;
				INFOPLIST_KEY_UISupportedInterfaceOrientations_iPad = "UIInterfaceOrientationPortrait UIInterfaceOrientationPortraitUpsideDown UIInterfaceOrientationLandscapeLeft UIInterfaceOrientationLandscapeRight";
				INFOPLIST_KEY_UISupportedInterfaceOrientations_iPhone = "UIInterfaceOrientationPortrait UIInterfaceOrientationLandscapeLeft UIInterfaceOrientationLandscapeRight";
				IPHONEOS_DEPLOYMENT_TARGET = 14.0;
				LD_RUNPATH_SEARCH_PATHS = (
					"$(inherited)",
					"@executable_path/Frameworks",
				);
				MARKETING_VERSION = 1.0;
				PRODUCT_BUNDLE_IDENTIFIER = com.SwiftUINetworking;
				PRODUCT_NAME = "$(TARGET_NAME)";
				SWIFT_EMIT_LOC_STRINGS = YES;
				SWIFT_VERSION = 5.0;
				TARGETED_DEVICE_FAMILY = "1,2";
			};
			name = Debug;
		};
		9562CC9327BFCE4800ACB68D /* Release */ = {
			isa = XCBuildConfiguration;
			buildSettings = {
				ASSETCATALOG_COMPILER_APPICON_NAME = AppIcon;
				ASSETCATALOG_COMPILER_GLOBAL_ACCENT_COLOR_NAME = AccentColor;
				CODE_SIGN_STYLE = Automatic;
				CURRENT_PROJECT_VERSION = 1;
				DEVELOPMENT_ASSET_PATHS = "\"SwiftUINetworking/Preview Content\"";
				DEVELOPMENT_TEAM = 4Y47JHG2B7;
				ENABLE_PREVIEWS = YES;
				GENERATE_INFOPLIST_FILE = YES;
				INFOPLIST_KEY_UIApplicationSceneManifest_Generation = YES;
				INFOPLIST_KEY_UIApplicationSupportsIndirectInputEvents = YES;
				INFOPLIST_KEY_UILaunchScreen_Generation = YES;
				INFOPLIST_KEY_UISupportedInterfaceOrientations_iPad = "UIInterfaceOrientationPortrait UIInterfaceOrientationPortraitUpsideDown UIInterfaceOrientationLandscapeLeft UIInterfaceOrientationLandscapeRight";
				INFOPLIST_KEY_UISupportedInterfaceOrientations_iPhone = "UIInterfaceOrientationPortrait UIInterfaceOrientationLandscapeLeft UIInterfaceOrientationLandscapeRight";
				IPHONEOS_DEPLOYMENT_TARGET = 14.0;
				LD_RUNPATH_SEARCH_PATHS = (
					"$(inherited)",
					"@executable_path/Frameworks",
				);
				MARKETING_VERSION = 1.0;
				PRODUCT_BUNDLE_IDENTIFIER = com.SwiftUINetworking;
				PRODUCT_NAME = "$(TARGET_NAME)";
				SWIFT_EMIT_LOC_STRINGS = YES;
				SWIFT_VERSION = 5.0;
				TARGETED_DEVICE_FAMILY = "1,2";
			};
			name = Release;
		};
/* End XCBuildConfiguration section */

/* Begin XCConfigurationList section */
		9562CC7E27BFCE4500ACB68D /* Build configuration list for PBXProject "SwiftUINetworking" */ = {
			isa = XCConfigurationList;
			buildConfigurations = (
				9562CC8F27BFCE4800ACB68D /* Debug */,
				9562CC9027BFCE4800ACB68D /* Release */,
			);
			defaultConfigurationIsVisible = 0;
			defaultConfigurationName = Release;
		};
		9562CC9127BFCE4800ACB68D /* Build configuration list for PBXNativeTarget "SwiftUINetworking" */ = {
			isa = XCConfigurationList;
			buildConfigurations = (
				9562CC9227BFCE4800ACB68D /* Debug */,
				9562CC9327BFCE4800ACB68D /* Release */,
			);
			defaultConfigurationIsVisible = 0;
			defaultConfigurationName = Release;
		};
/* End XCConfigurationList section */
	};
	rootObject = 9562CC7B27BFCE4500ACB68D /* Project object */;
}
